// !$*UTF8*$!
{
	archiveVersion = 1;
	classes = {
	};
	objectVersion = 50;
	objects = {

/* Begin PBXAggregateTarget section */
		BA5F339A2607851F006AC5DF /* wonder-Universal */ = {
			isa = PBXAggregateTarget;
			buildConfigurationList = BA5F339B2607851F006AC5DF /* Build configuration list for PBXAggregateTarget "wonder-Universal" */;
			buildPhases = (
				BA5F33A126078541006AC5DF /* ShellScript */,
			);
			dependencies = (
			);
			name = "wonder-Universal";
			productName = "wonder-Universal";
		};
/* End PBXAggregateTarget section */

/* Begin PBXBuildFile section */
		BA5F336926078081006AC5DF /* wonder_F.h in Headers */ = {isa = PBXBuildFile; fileRef = BA5F336726078081006AC5DF /* wonder_F.h */; settings = {ATTRIBUTES = (Public, ); }; };
		BA5F3371260780A7006AC5DF /* SecretsManager.swift in Sources */ = {isa = PBXBuildFile; fileRef = BA5F3370260780A7006AC5DF /* SecretsManager.swift */; };
		BA5F337D26078462006AC5DF /* AppDelegate.swift in Sources */ = {isa = PBXBuildFile; fileRef = BA5F337C26078462006AC5DF /* AppDelegate.swift */; };
		BA5F337F26078462006AC5DF /* SceneDelegate.swift in Sources */ = {isa = PBXBuildFile; fileRef = BA5F337E26078462006AC5DF /* SceneDelegate.swift */; };
		BA5F338126078462006AC5DF /* ViewController.swift in Sources */ = {isa = PBXBuildFile; fileRef = BA5F338026078462006AC5DF /* ViewController.swift */; };
		BA5F338426078462006AC5DF /* Main.storyboard in Resources */ = {isa = PBXBuildFile; fileRef = BA5F338226078462006AC5DF /* Main.storyboard */; };
		BA5F338626078464006AC5DF /* Assets.xcassets in Resources */ = {isa = PBXBuildFile; fileRef = BA5F338526078464006AC5DF /* Assets.xcassets */; };
		BA5F338926078464006AC5DF /* LaunchScreen.storyboard in Resources */ = {isa = PBXBuildFile; fileRef = BA5F338726078464006AC5DF /* LaunchScreen.storyboard */; };
/* End PBXBuildFile section */

/* Begin PBXFileReference section */
		BA5F336426078081006AC5DF /* wonder_F.framework */ = {isa = PBXFileReference; explicitFileType = wrapper.framework; includeInIndex = 0; path = wonder_F.framework; sourceTree = BUILT_PRODUCTS_DIR; };
		BA5F336726078081006AC5DF /* wonder_F.h */ = {isa = PBXFileReference; lastKnownFileType = sourcecode.c.h; path = wonder_F.h; sourceTree = "<group>"; };
		BA5F336826078081006AC5DF /* Info.plist */ = {isa = PBXFileReference; lastKnownFileType = text.plist.xml; path = Info.plist; sourceTree = "<group>"; };
		BA5F3370260780A7006AC5DF /* SecretsManager.swift */ = {isa = PBXFileReference; lastKnownFileType = sourcecode.swift; path = SecretsManager.swift; sourceTree = "<group>"; };
		BA5F337A26078462006AC5DF /* WonderDemo.app */ = {isa = PBXFileReference; explicitFileType = wrapper.application; includeInIndex = 0; path = WonderDemo.app; sourceTree = BUILT_PRODUCTS_DIR; };
		BA5F337C26078462006AC5DF /* AppDelegate.swift */ = {isa = PBXFileReference; lastKnownFileType = sourcecode.swift; path = AppDelegate.swift; sourceTree = "<group>"; };
		BA5F337E26078462006AC5DF /* SceneDelegate.swift */ = {isa = PBXFileReference; lastKnownFileType = sourcecode.swift; path = SceneDelegate.swift; sourceTree = "<group>"; };
		BA5F338026078462006AC5DF /* ViewController.swift */ = {isa = PBXFileReference; lastKnownFileType = sourcecode.swift; path = ViewController.swift; sourceTree = "<group>"; };
		BA5F338326078462006AC5DF /* Base */ = {isa = PBXFileReference; lastKnownFileType = file.storyboard; name = Base; path = Base.lproj/Main.storyboard; sourceTree = "<group>"; };
		BA5F338526078464006AC5DF /* Assets.xcassets */ = {isa = PBXFileReference; lastKnownFileType = folder.assetcatalog; path = Assets.xcassets; sourceTree = "<group>"; };
		BA5F338826078464006AC5DF /* Base */ = {isa = PBXFileReference; lastKnownFileType = file.storyboard; name = Base; path = Base.lproj/LaunchScreen.storyboard; sourceTree = "<group>"; };
		BA5F338A26078464006AC5DF /* Info.plist */ = {isa = PBXFileReference; lastKnownFileType = text.plist.xml; path = Info.plist; sourceTree = "<group>"; };
/* End PBXFileReference section */

/* Begin PBXFrameworksBuildPhase section */
		BA5F336126078081006AC5DF /* Frameworks */ = {
			isa = PBXFrameworksBuildPhase;
			buildActionMask = 2147483647;
			files = (
			);
			runOnlyForDeploymentPostprocessing = 0;
		};
		BA5F337726078462006AC5DF /* Frameworks */ = {
			isa = PBXFrameworksBuildPhase;
			buildActionMask = 2147483647;
			files = (
			);
			runOnlyForDeploymentPostprocessing = 0;
		};
/* End PBXFrameworksBuildPhase section */

/* Begin PBXGroup section */
		BA5F335A26078081006AC5DF = {
			isa = PBXGroup;
			children = (
				BA5F336626078081006AC5DF /* wonder-F */,
				BA5F337B26078462006AC5DF /* WonderDemo */,
				BA5F336526078081006AC5DF /* Products */,
			);
			sourceTree = "<group>";
		};
		BA5F336526078081006AC5DF /* Products */ = {
			isa = PBXGroup;
			children = (
				BA5F336426078081006AC5DF /* wonder_F.framework */,
				BA5F337A26078462006AC5DF /* WonderDemo.app */,
			);
			name = Products;
			sourceTree = "<group>";
		};
		BA5F336626078081006AC5DF /* wonder-F */ = {
			isa = PBXGroup;
			children = (
				BA5F336726078081006AC5DF /* wonder_F.h */,
				BA5F336826078081006AC5DF /* Info.plist */,
				BA5F3370260780A7006AC5DF /* SecretsManager.swift */,
			);
			path = "wonder-F";
			sourceTree = "<group>";
		};
		BA5F337B26078462006AC5DF /* WonderDemo */ = {
			isa = PBXGroup;
			children = (
				BA5F337C26078462006AC5DF /* AppDelegate.swift */,
				BA5F337E26078462006AC5DF /* SceneDelegate.swift */,
				BA5F338026078462006AC5DF /* ViewController.swift */,
				BA5F338226078462006AC5DF /* Main.storyboard */,
				BA5F338526078464006AC5DF /* Assets.xcassets */,
				BA5F338726078464006AC5DF /* LaunchScreen.storyboard */,
				BA5F338A26078464006AC5DF /* Info.plist */,
			);
			path = WonderDemo;
			sourceTree = "<group>";
		};
/* End PBXGroup section */

/* Begin PBXHeadersBuildPhase section */
		BA5F335F26078081006AC5DF /* Headers */ = {
			isa = PBXHeadersBuildPhase;
			buildActionMask = 2147483647;
			files = (
				BA5F336926078081006AC5DF /* wonder_F.h in Headers */,
			);
			runOnlyForDeploymentPostprocessing = 0;
		};
/* End PBXHeadersBuildPhase section */

/* Begin PBXNativeTarget section */
		BA5F336326078081006AC5DF /* wonder-F */ = {
			isa = PBXNativeTarget;
			buildConfigurationList = BA5F336C26078081006AC5DF /* Build configuration list for PBXNativeTarget "wonder-F" */;
			buildPhases = (
				BA5F335F26078081006AC5DF /* Headers */,
				BA5F336026078081006AC5DF /* Sources */,
				BA5F336126078081006AC5DF /* Frameworks */,
				BA5F336226078081006AC5DF /* Resources */,
			);
			buildRules = (
			);
			dependencies = (
			);
			name = "wonder-F";
			productName = "wonder-F";
			productReference = BA5F336426078081006AC5DF /* wonder_F.framework */;
			productType = "com.apple.product-type.framework";
		};
		BA5F337926078462006AC5DF /* WonderDemo */ = {
			isa = PBXNativeTarget;
			buildConfigurationList = BA5F338B26078464006AC5DF /* Build configuration list for PBXNativeTarget "WonderDemo" */;
			buildPhases = (
				BA5F337626078462006AC5DF /* Sources */,
				BA5F337726078462006AC5DF /* Frameworks */,
				BA5F337826078462006AC5DF /* Resources */,
			);
			buildRules = (
			);
			dependencies = (
			);
			name = WonderDemo;
			productName = WonderDemo;
			productReference = BA5F337A26078462006AC5DF /* WonderDemo.app */;
			productType = "com.apple.product-type.application";
		};
/* End PBXNativeTarget section */

/* Begin PBXProject section */
		BA5F335B26078081006AC5DF /* Project object */ = {
			isa = PBXProject;
			attributes = {
				LastSwiftUpdateCheck = 1230;
				LastUpgradeCheck = 1230;
				TargetAttributes = {
					BA5F336326078081006AC5DF = {
						CreatedOnToolsVersion = 12.3;
						LastSwiftMigration = 1230;
					};
					BA5F337926078462006AC5DF = {
						CreatedOnToolsVersion = 12.3;
					};
					BA5F339A2607851F006AC5DF = {
						CreatedOnToolsVersion = 12.3;
					};
				};
			};
			buildConfigurationList = BA5F335E26078081006AC5DF /* Build configuration list for PBXProject "wonder-F" */;
			compatibilityVersion = "Xcode 9.3";
			developmentRegion = en;
			hasScannedForEncodings = 0;
			knownRegions = (
				en,
				Base,
			);
			mainGroup = BA5F335A26078081006AC5DF;
			productRefGroup = BA5F336526078081006AC5DF /* Products */;
			projectDirPath = "";
			projectRoot = "";
			targets = (
				BA5F336326078081006AC5DF /* wonder-F */,
				BA5F337926078462006AC5DF /* WonderDemo */,
				BA5F339A2607851F006AC5DF /* wonder-Universal */,
			);
		};
/* End PBXProject section */

/* Begin PBXResourcesBuildPhase section */
		BA5F336226078081006AC5DF /* Resources */ = {
			isa = PBXResourcesBuildPhase;
			buildActionMask = 2147483647;
			files = (
			);
			runOnlyForDeploymentPostprocessing = 0;
		};
		BA5F337826078462006AC5DF /* Resources */ = {
			isa = PBXResourcesBuildPhase;
			buildActionMask = 2147483647;
			files = (
				BA5F338926078464006AC5DF /* LaunchScreen.storyboard in Resources */,
				BA5F338626078464006AC5DF /* Assets.xcassets in Resources */,
				BA5F338426078462006AC5DF /* Main.storyboard in Resources */,
			);
			runOnlyForDeploymentPostprocessing = 0;
		};
/* End PBXResourcesBuildPhase section */

/* Begin PBXShellScriptBuildPhase section */
		BA5F33A126078541006AC5DF /* ShellScript */ = {
			isa = PBXShellScriptBuildPhase;
			buildActionMask = 2147483647;
			files = (
			);
			inputFileListPaths = (
			);
			inputPaths = (
			);
			outputFileListPaths = (
			);
			outputPaths = (
			);
			runOnlyForDeploymentPostprocessing = 0;
			shellPath = /bin/sh;
			shellScript = "echo \"project\"\n#open \"${PROJECT_DIR}\"\nif [ \"true\" == ${ALREADYINVOKED:-false} ]\nthen\necho \"RECURSION: Detected, stopping\"\nelse\nexport ALREADYINVOKED=\"true\"\n\nUNIVERSAL_OUTPUTFOLDER=${BUILD_DIR}/${CONFIGURATION}-iosuniversal\n\n# make sure the output directory exists\nmkdir -p \"${UNIVERSAL_OUTPUTFOLDER}\"\n\n# Step 1. Build Device and Simulator versions\necho \"iphone\"\nxcodebuild -target \"${TARGET_NAME}\" ONLY_ACTIVE_ARCH=NO -configuration ${CONFIGURATION} -sdk iphoneos  BUILD_DIR=\"${BUILD_DIR}\" BUILD_ROOT=\"${BUILD_ROOT}\" build\necho \"iphonesim\"\nxcodebuild -target \"${TARGET_NAME}\" -configuration ${CONFIGURATION} -sdk iphonesimulator ONLY_ACTIVE_ARCH=NO BUILD_DIR=\"${BUILD_DIR}\" BUILD_ROOT=\"${BUILD_ROOT}\" build\n\n## Step 2. Copy the framework structure (from iphoneos build) to the universal folder\necho \"universal\"\ncp -R \"${BUILD_DIR}/${CONFIGURATION}-iphoneos/${PROJECT_NAME}.framework\" \"${UNIVERSAL_OUTPUTFOLDER}/\"\n\n# Step 3. Copy Swift modules from iphonesimulator build (if it exists) to the copied framework directory\necho \"iphone simulator path\"\nSIMULATOR_SWIFT_MODULES_DIR=\"${BUILD_DIR}/${CONFIGURATION}-iphonesimulator/${PROJECT_NAME}.framework/Modules/${PROJECT_NAME}.swiftmodule/.\"\nif [ -d \"${SIMULATOR_SWIFT_MODULES_DIR}\" ]; then\ncp -R \"${SIMULATOR_SWIFT_MODULES_DIR}\" \"${UNIVERSAL_OUTPUTFOLDER}/${PROJECT_NAME}.framework/Modules/${PROJECT_NAME}.swiftmodule\"\nfi\n\n# Step 4. Create universal binary file using lipo and place the combined executable in the copied framework directory\necho \"lipo create\"\nlipo -create -output \"${UNIVERSAL_OUTPUTFOLDER}/${PROJECT_NAME}.framework/${PROJECT_NAME}\" \"${BUILD_DIR}/${CONFIGURATION}-iphonesimulator/${PROJECT_NAME}.framework/${PROJECT_NAME}\" \"${BUILD_DIR}/${CONFIGURATION}-iphoneos/${PROJECT_NAME}.framework/${PROJECT_NAME}\"\n\necho \"end\"\nfi\n\n";
		};
/* End PBXShellScriptBuildPhase section */

/* Begin PBXSourcesBuildPhase section */
		BA5F336026078081006AC5DF /* Sources */ = {
			isa = PBXSourcesBuildPhase;
			buildActionMask = 2147483647;
			files = (
				BA5F3371260780A7006AC5DF /* SecretsManager.swift in Sources */,
			);
			runOnlyForDeploymentPostprocessing = 0;
		};
		BA5F337626078462006AC5DF /* Sources */ = {
			isa = PBXSourcesBuildPhase;
			buildActionMask = 2147483647;
			files = (
				BA5F338126078462006AC5DF /* ViewController.swift in Sources */,
				BA5F337D26078462006AC5DF /* AppDelegate.swift in Sources */,
				BA5F337F26078462006AC5DF /* SceneDelegate.swift in Sources */,
			);
			runOnlyForDeploymentPostprocessing = 0;
		};
/* End PBXSourcesBuildPhase section */

/* Begin PBXVariantGroup section */
		BA5F338226078462006AC5DF /* Main.storyboard */ = {
			isa = PBXVariantGroup;
			children = (
				BA5F338326078462006AC5DF /* Base */,
			);
			name = Main.storyboard;
			sourceTree = "<group>";
		};
		BA5F338726078464006AC5DF /* LaunchScreen.storyboard */ = {
			isa = PBXVariantGroup;
			children = (
				BA5F338826078464006AC5DF /* Base */,
			);
			name = LaunchScreen.storyboard;
			sourceTree = "<group>";
		};
/* End PBXVariantGroup section */

/* Begin XCBuildConfiguration section */
		BA5F336A26078081006AC5DF /* Debug */ = {
			isa = XCBuildConfiguration;
			buildSettings = {
				ALWAYS_SEARCH_USER_PATHS = NO;
				CLANG_ANALYZER_NONNULL = YES;
				CLANG_ANALYZER_NUMBER_OBJECT_CONVERSION = YES_AGGRESSIVE;
				CLANG_CXX_LANGUAGE_STANDARD = "gnu++14";
				CLANG_CXX_LIBRARY = "libc++";
				CLANG_ENABLE_MODULES = YES;
				CLANG_ENABLE_OBJC_ARC = YES;
				CLANG_ENABLE_OBJC_WEAK = YES;
				CLANG_WARN_BLOCK_CAPTURE_AUTORELEASING = YES;
				CLANG_WARN_BOOL_CONVERSION = YES;
				CLANG_WARN_COMMA = YES;
				CLANG_WARN_CONSTANT_CONVERSION = YES;
				CLANG_WARN_DEPRECATED_OBJC_IMPLEMENTATIONS = YES;
				CLANG_WARN_DIRECT_OBJC_ISA_USAGE = YES_ERROR;
				CLANG_WARN_DOCUMENTATION_COMMENTS = YES;
				CLANG_WARN_EMPTY_BODY = YES;
				CLANG_WARN_ENUM_CONVERSION = YES;
				CLANG_WARN_INFINITE_RECURSION = YES;
				CLANG_WARN_INT_CONVERSION = YES;
				CLANG_WARN_NON_LITERAL_NULL_CONVERSION = YES;
				CLANG_WARN_OBJC_IMPLICIT_RETAIN_SELF = YES;
				CLANG_WARN_OBJC_LITERAL_CONVERSION = YES;
				CLANG_WARN_OBJC_ROOT_CLASS = YES_ERROR;
				CLANG_WARN_QUOTED_INCLUDE_IN_FRAMEWORK_HEADER = YES;
				CLANG_WARN_RANGE_LOOP_ANALYSIS = YES;
				CLANG_WARN_STRICT_PROTOTYPES = YES;
				CLANG_WARN_SUSPICIOUS_MOVE = YES;
				CLANG_WARN_UNGUARDED_AVAILABILITY = YES_AGGRESSIVE;
				CLANG_WARN_UNREACHABLE_CODE = YES;
				CLANG_WARN__DUPLICATE_METHOD_MATCH = YES;
				COPY_PHASE_STRIP = NO;
				CURRENT_PROJECT_VERSION = 1;
				DEBUG_INFORMATION_FORMAT = dwarf;
				ENABLE_STRICT_OBJC_MSGSEND = YES;
				ENABLE_TESTABILITY = YES;
				GCC_C_LANGUAGE_STANDARD = gnu11;
				GCC_DYNAMIC_NO_PIC = NO;
				GCC_NO_COMMON_BLOCKS = YES;
				GCC_OPTIMIZATION_LEVEL = 0;
				GCC_PREPROCESSOR_DEFINITIONS = (
					"DEBUG=1",
					"$(inherited)",
				);
				GCC_WARN_64_TO_32_BIT_CONVERSION = YES;
				GCC_WARN_ABOUT_RETURN_TYPE = YES_ERROR;
				GCC_WARN_UNDECLARED_SELECTOR = YES;
				GCC_WARN_UNINITIALIZED_AUTOS = YES_AGGRESSIVE;
				GCC_WARN_UNUSED_FUNCTION = YES;
				GCC_WARN_UNUSED_VARIABLE = YES;
				IPHONEOS_DEPLOYMENT_TARGET = 14.3;
				MTL_ENABLE_DEBUG_INFO = INCLUDE_SOURCE;
				MTL_FAST_MATH = YES;
				ONLY_ACTIVE_ARCH = YES;
				SDKROOT = iphoneos;
				SWIFT_ACTIVE_COMPILATION_CONDITIONS = DEBUG;
				SWIFT_OPTIMIZATION_LEVEL = "-Onone";
				VERSIONING_SYSTEM = "apple-generic";
				VERSION_INFO_PREFIX = "";
			};
			name = Debug;
		};
		BA5F336B26078081006AC5DF /* Release */ = {
			isa = XCBuildConfiguration;
			buildSettings = {
				ALWAYS_SEARCH_USER_PATHS = NO;
				CLANG_ANALYZER_NONNULL = YES;
				CLANG_ANALYZER_NUMBER_OBJECT_CONVERSION = YES_AGGRESSIVE;
				CLANG_CXX_LANGUAGE_STANDARD = "gnu++14";
				CLANG_CXX_LIBRARY = "libc++";
				CLANG_ENABLE_MODULES = YES;
				CLANG_ENABLE_OBJC_ARC = YES;
				CLANG_ENABLE_OBJC_WEAK = YES;
				CLANG_WARN_BLOCK_CAPTURE_AUTORELEASING = YES;
				CLANG_WARN_BOOL_CONVERSION = YES;
				CLANG_WARN_COMMA = YES;
				CLANG_WARN_CONSTANT_CONVERSION = YES;
				CLANG_WARN_DEPRECATED_OBJC_IMPLEMENTATIONS = YES;
				CLANG_WARN_DIRECT_OBJC_ISA_USAGE = YES_ERROR;
				CLANG_WARN_DOCUMENTATION_COMMENTS = YES;
				CLANG_WARN_EMPTY_BODY = YES;
				CLANG_WARN_ENUM_CONVERSION = YES;
				CLANG_WARN_INFINITE_RECURSION = YES;
				CLANG_WARN_INT_CONVERSION = YES;
				CLANG_WARN_NON_LITERAL_NULL_CONVERSION = YES;
				CLANG_WARN_OBJC_IMPLICIT_RETAIN_SELF = YES;
				CLANG_WARN_OBJC_LITERAL_CONVERSION = YES;
				CLANG_WARN_OBJC_ROOT_CLASS = YES_ERROR;
				CLANG_WARN_QUOTED_INCLUDE_IN_FRAMEWORK_HEADER = YES;
				CLANG_WARN_RANGE_LOOP_ANALYSIS = YES;
				CLANG_WARN_STRICT_PROTOTYPES = YES;
				CLANG_WARN_SUSPICIOUS_MOVE = YES;
				CLANG_WARN_UNGUARDED_AVAILABILITY = YES_AGGRESSIVE;
				CLANG_WARN_UNREACHABLE_CODE = YES;
				CLANG_WARN__DUPLICATE_METHOD_MATCH = YES;
				COPY_PHASE_STRIP = NO;
				CURRENT_PROJECT_VERSION = 1;
				DEBUG_INFORMATION_FORMAT = "dwarf-with-dsym";
				ENABLE_NS_ASSERTIONS = NO;
				ENABLE_STRICT_OBJC_MSGSEND = YES;
				GCC_C_LANGUAGE_STANDARD = gnu11;
				GCC_NO_COMMON_BLOCKS = YES;
				GCC_WARN_64_TO_32_BIT_CONVERSION = YES;
				GCC_WARN_ABOUT_RETURN_TYPE = YES_ERROR;
				GCC_WARN_UNDECLARED_SELECTOR = YES;
				GCC_WARN_UNINITIALIZED_AUTOS = YES_AGGRESSIVE;
				GCC_WARN_UNUSED_FUNCTION = YES;
				GCC_WARN_UNUSED_VARIABLE = YES;
				IPHONEOS_DEPLOYMENT_TARGET = 14.3;
				MTL_ENABLE_DEBUG_INFO = NO;
				MTL_FAST_MATH = YES;
				SDKROOT = iphoneos;
				SWIFT_COMPILATION_MODE = wholemodule;
				SWIFT_OPTIMIZATION_LEVEL = "-O";
				VALIDATE_PRODUCT = YES;
				VERSIONING_SYSTEM = "apple-generic";
				VERSION_INFO_PREFIX = "";
			};
			name = Release;
		};
		BA5F336D26078081006AC5DF /* Debug */ = {
			isa = XCBuildConfiguration;
			buildSettings = {
				CLANG_ENABLE_MODULES = YES;
				CODE_SIGN_STYLE = Automatic;
				DEFINES_MODULE = YES;
				DEVELOPMENT_TEAM = JV7SRCLA2P;
				DYLIB_COMPATIBILITY_VERSION = 1;
				DYLIB_CURRENT_VERSION = 1;
				DYLIB_INSTALL_NAME_BASE = "@rpath";
				INFOPLIST_FILE = "wonder-F/Info.plist";
				INSTALL_PATH = "$(LOCAL_LIBRARY_DIR)/Frameworks";
				LD_RUNPATH_SEARCH_PATHS = (
					"$(inherited)",
					"@executable_path/Frameworks",
					"@loader_path/Frameworks",
				);
				PRODUCT_BUNDLE_IDENTIFIER = "rajigadu.wonder-F";
				PRODUCT_NAME = "$(TARGET_NAME:c99extidentifier)";
				SKIP_INSTALL = YES;
				SWIFT_OPTIMIZATION_LEVEL = "-Onone";
				SWIFT_VERSION = 5.0;
				TARGETED_DEVICE_FAMILY = "1,2";
			};
			name = Debug;
		};
		BA5F336E26078081006AC5DF /* Release */ = {
			isa = XCBuildConfiguration;
			buildSettings = {
				CLANG_ENABLE_MODULES = YES;
				CODE_SIGN_STYLE = Automatic;
				DEFINES_MODULE = YES;
				DEVELOPMENT_TEAM = JV7SRCLA2P;
				DYLIB_COMPATIBILITY_VERSION = 1;
				DYLIB_CURRENT_VERSION = 1;
				DYLIB_INSTALL_NAME_BASE = "@rpath";
				INFOPLIST_FILE = "wonder-F/Info.plist";
				INSTALL_PATH = "$(LOCAL_LIBRARY_DIR)/Frameworks";
				LD_RUNPATH_SEARCH_PATHS = (
					"$(inherited)",
					"@executable_path/Frameworks",
					"@loader_path/Frameworks",
				);
				PRODUCT_BUNDLE_IDENTIFIER = "rajigadu.wonder-F";
				PRODUCT_NAME = "$(TARGET_NAME:c99extidentifier)";
				SKIP_INSTALL = YES;
				SWIFT_VERSION = 5.0;
				TARGETED_DEVICE_FAMILY = "1,2";
			};
			name = Release;
		};
		BA5F338C26078464006AC5DF /* Debug */ = {
			isa = XCBuildConfiguration;
			buildSettings = {
				ASSETCATALOG_COMPILER_APPICON_NAME = AppIcon;
				ASSETCATALOG_COMPILER_GLOBAL_ACCENT_COLOR_NAME = AccentColor;
				CODE_SIGN_STYLE = Automatic;
				DEVELOPMENT_TEAM = JV7SRCLA2P;
				INFOPLIST_FILE = WonderDemo/Info.plist;
				LD_RUNPATH_SEARCH_PATHS = (
					"$(inherited)",
					"@executable_path/Frameworks",
				);
				PRODUCT_BUNDLE_IDENTIFIER = rajigadu.WonderDemo;
				PRODUCT_NAME = "$(TARGET_NAME)";
				SWIFT_VERSION = 5.0;
				TARGETED_DEVICE_FAMILY = "1,2";
			};
			name = Debug;
		};
		BA5F338D26078464006AC5DF /* Release */ = {
			isa = XCBuildConfiguration;
			buildSettings = {
				ASSETCATALOG_COMPILER_APPICON_NAME = AppIcon;
				ASSETCATALOG_COMPILER_GLOBAL_ACCENT_COLOR_NAME = AccentColor;
				CODE_SIGN_STYLE = Automatic;
				DEVELOPMENT_TEAM = JV7SRCLA2P;
				INFOPLIST_FILE = WonderDemo/Info.plist;
				LD_RUNPATH_SEARCH_PATHS = (
					"$(inherited)",
					"@executable_path/Frameworks",
				);
				PRODUCT_BUNDLE_IDENTIFIER = rajigadu.WonderDemo;
				PRODUCT_NAME = "$(TARGET_NAME)";
				SWIFT_VERSION = 5.0;
				TARGETED_DEVICE_FAMILY = "1,2";
			};
			name = Release;
		};
		BA5F339C2607851F006AC5DF /* Debug */ = {
			isa = XCBuildConfiguration;
			buildSettings = {
				CODE_SIGN_STYLE = Automatic;
				DEVELOPMENT_TEAM = JV7SRCLA2P;
				PRODUCT_NAME = "$(TARGET_NAME)";
			};
			name = Debug;
		};
		BA5F339D2607851F006AC5DF /* Release */ = {
			isa = XCBuildConfiguration;
			buildSettings = {
				CODE_SIGN_STYLE = Automatic;
				DEVELOPMENT_TEAM = JV7SRCLA2P;
				PRODUCT_NAME = "$(TARGET_NAME)";
			};
			name = Release;
		};
/* End XCBuildConfiguration section */

/* Begin XCConfigurationList section */
		BA5F335E26078081006AC5DF /* Build configuration list for PBXProject "wonder-F" */ = {
			isa = XCConfigurationList;
			buildConfigurations = (
				BA5F336A26078081006AC5DF /* Debug */,
				BA5F336B26078081006AC5DF /* Release */,
			);
			defaultConfigurationIsVisible = 0;
			defaultConfigurationName = Release;
		};
		BA5F336C26078081006AC5DF /* Build configuration list for PBXNativeTarget "wonder-F" */ = {
			isa = XCConfigurationList;
			buildConfigurations = (
				BA5F336D26078081006AC5DF /* Debug */,
				BA5F336E26078081006AC5DF /* Release */,
			);
			defaultConfigurationIsVisible = 0;
			defaultConfigurationName = Release;
		};
		BA5F338B26078464006AC5DF /* Build configuration list for PBXNativeTarget "WonderDemo" */ = {
			isa = XCConfigurationList;
			buildConfigurations = (
				BA5F338C26078464006AC5DF /* Debug */,
				BA5F338D26078464006AC5DF /* Release */,
			);
			defaultConfigurationIsVisible = 0;
			defaultConfigurationName = Release;
		};
		BA5F339B2607851F006AC5DF /* Build configuration list for PBXAggregateTarget "wonder-Universal" */ = {
			isa = XCConfigurationList;
			buildConfigurations = (
				BA5F339C2607851F006AC5DF /* Debug */,
				BA5F339D2607851F006AC5DF /* Release */,
			);
			defaultConfigurationIsVisible = 0;
			defaultConfigurationName = Release;
		};
/* End XCConfigurationList section */
	};
	rootObject = BA5F335B26078081006AC5DF /* Project object */;
}
